hash: ada2b3fbdd717c7a9db32c5cce09fcfce01fa3a98e36b29275ac19c7021f8e1d
updated: 2017-01-10T12:02:33.878602995-08:00
imports:
- name: github.com/appc/docker2aci
  version: 355af275fa8d48b4ecdd361a5feaf173abff81e7
  subpackages:
  - lib
  - lib/common
  - lib/internal
  - lib/internal/backend/file
  - lib/internal/backend/repository
  - lib/internal/docker
  - lib/internal/tarball
  - lib/internal/util
  - pkg/log
  - lib/internal/types
- name: github.com/appc/spec
  version: fd5e3d8f5d596c6fbd506e80b5e13ba8a97b704c
  subpackages:
  - aci
  - discovery
  - pkg/acirenderer
  - pkg/device
  - pkg/tarheader
  - schema
  - schema/common
  - schema/types
- name: github.com/coreos/go-semver
  version: 6fe83ccda8fb9b7549c9ab4ba47f47858bc950aa
  subpackages:
  - semver
- name: github.com/coreos/ioprogress
  version: e7fc03058804de5488baed8df5b89f3924b9ec9a
- name: github.com/coreos/pkg
  version: 7f080b6c11ac2d2347c3cd7521e810207ea1a041
  subpackages:
  - dlopen
  - progressutil
- name: github.com/coreos/rkt
  version: d6874f787c60b3b4593e58030a2a20b55cc763e2
  subpackages:
  - pkg/fileutil
  - pkg/group
  - pkg/multicall
  - pkg/passwd
  - pkg/sys
  - pkg/tar
  - pkg/user
- name: github.com/cpuguy83/go-md2man
  version: 71acacd42f85e5e82f70a55327789582a5200a90
  subpackages:
  - md2man
- name: github.com/docker/distribution
  version: 099622876197e3b24d627a72053d1bcc8968076a
  subpackages:
  - digest
  - reference
- name: github.com/gogo/protobuf
  version: 4168943e65a2802828518e95310aeeed6d84c4e5
  subpackages:
  - proto
- name: github.com/hashicorp/errwrap
  version: 7554cd9344cec97297fa6649b055a8c98c2a1e55
- name: github.com/inconshreveable/mousetrap
  version: 76626ae9c91c4f2a10f34cad8ce83ea42c93bb75
- name: github.com/klauspost/compress
  version: 006acde2c5d283d2f8b8aa03d8f0cd2891c680cf
  subpackages:
  - flate
- name: github.com/klauspost/cpuid
  version: 09cded8978dc9e80714c4d85b0322337b0a1e5e0
- name: github.com/klauspost/crc32
  version: 19b0b332c9e4516a6370a0456e6182c3b5036720
- name: github.com/klauspost/pgzip
  version: 95e8170c5d4da28db9c64dfc9ec3138ea4466fd4
- name: github.com/kylelemons/godebug
  version: 21cb3784d9bda523911b96719efba02b7e983256
  subpackages:
  - diff
  - pretty
- name: github.com/opencontainers/image-spec
  version: 3b65d2823d053f93ec790e64416072d6019f30e5
  subpackages:
  - specs-go
  - specs-go/v1
- name: github.com/russross/blackfriday
  version: 300106c228d52c8941d4b3de6054a6062a86dda3
- name: github.com/shurcooL/sanitized_anchor_name
  version: 10ef21a441db47d8b13ebcc5fd2310f636973c77
- name: github.com/spf13/cobra
  version: f368244301305f414206f889b1735a54cfc8bde8
  subpackages:
  - doc
- name: github.com/spf13/pflag
  version: cb88ea77998c3f024757528e3305022ab50b43be
- name: github.com/syndtr/gocapability
  version: 8e4cdcb3c22b40d5e330ade0b68cb2e2a3cf6f98
  subpackages:
  - capability
- name: go4.org
  version: 03efcb870d84809319ea509714dd6d19a1498483
  subpackages:
  - errorutil
- name: golang.org/x/crypto
  version: a7ead6ddf06233883deca151dffaef2effbf498f
  subpackages:
  - ssh/terminal
- name: golang.org/x/net
  version: c2528b2dd8352441850638a8bb678c2ad056fd3e
  subpackages:
  - html
  - html/atom
- name: gopkg.in/inf.v0
  version: 3887ee99ecf07df5b447e9b00d9c0b2adaa9f3e4
- name: k8s.io/kubernetes
  version: 9990f843cd62caa90445cf76b07d63ba7b5c86fd
  subpackages:
  - pkg/api/resource
  - pkg/conversion
  - third_party/forked/reflect
- name: xi2.org/x/xz
  version: 18c6b7129324841d920ee8dc1ab66ec07054998f
devImports: []
